
Microsoft Visual Studio Solution File, Format Version 12.00
Project("{FAE04EC0-301F-11D3-BF4B-00C04F79EFBC}") = "SCADA", "SCADA\SCADA.csproj", "{6991C29E-5732-4EFA-8C01-566CF01B0735}"
EndProject
Global
	GlobalSection(SolutionConfigurationPlatforms) = preSolution
		Debug|Any CPU = Debug|Any CPU
		Release|Any CPU = Release|Any CPU
	EndGlobalSection
	GlobalSection(ProjectConfigurationPlatforms) = postSolution
		{6991C29E-5732-4EFA-8C01-566CF01B0735}.Debug|Any CPU.ActiveCfg = Debug|Any CPU
		{6991C29E-5732-4EFA-8C01-566CF01B0735}.Debug|Any CPU.Build.0 = Debug|Any CPU
		{6991C29E-5732-4EFA-8C01-566CF01B0735}.Release|Any CPU.ActiveCfg = Release|Any CPU
		{6991C29E-5732-4EFA-8C01-566CF01B0735}.Release|Any CPU.Build.0 = Release|Any CPU
	EndGlobalSection
EndGlobal
