
Microsoft Visual Studio Solution File, Format Version 12.00
Project("{FAE04EC0-301F-11D3-BF4B-00C04F79EFBC}") = "SCADA", "SCADA\SCADA.csproj", "{6991C29E-5732-4EFA-8C01-566CF01B0735}"
EndProject
Project("{FAE04EC0-301F-11D3-BF4B-00C04F79EFBC}") = "SCADA.Core", "SCADA.Core\SCADA.Core.csproj", "{D2C97352-1687-4627-AD34-03A3C6D6C47C}"
EndProject
Project("{FAE04EC0-301F-11D3-BF4B-00C04F79EFBC}") = "SCADA.Server", "SCADA.Server\SCADA.Server.csproj", "{ED6E786C-8CA2-473D-AC4F-EF9661D30A14}"
EndProject
Project("{FAE04EC0-301F-11D3-BF4B-00C04F79EFBC}") = "SCADA.Runtime", "SCADA.Runtime\SCADA.Runtime.csproj", "{F66DAAC4-302F-496C-BF51-F1A401F8D33F}"
EndProject
Project("{FAE04EC0-301F-11D3-BF4B-00C04F79EFBC}") = "SCADA.Runtime.Tests", "SCADA.Runtime.Tests\SCADA.Runtime.Tests.csproj", "{802437F0-2631-477F-AD76-DE7BDDD90607}"
EndProject
Project("{FAE04EC0-301F-11D3-BF4B-00C04F79EFBC}") = "SCADA.Benchmarks", "SCADA.Benchmarks\SCADA.Benchmarks.csproj", "{B15E52E4-2853-4671-A8D6-ACC59AEF55B4}"
EndProject
Project("{FAE04EC0-301F-11D3-BF4B-00C04F79EFBC}") = "SCADA.Drivers.Abstractions", "SCADA.Drivers.Abstractions\SCADA.Drivers.Abstractions.csproj", "{49C25438-8EC4-45A8-BB6A-A6173C5E421A}"
EndProject
Project("{FAE04EC0-301F-11D3-BF4B-00C04F79EFBC}") = "SCADA.Drivers.Simulator", "SCADA.Drivers.Simulator\SCADA.Drivers.Simulator.csproj", "{7CA315E3-BFDE-4D4C-AEF6-7327AB908D8B}"
EndProject
Project("{FAE04EC0-301F-11D3-BF4B-00C04F79EFBC}") = "SCADA.Expressions", "SCADA.Expressions\SCADA.Expressions.csproj", "{6624BC80-B8CF-4CF1-926F-80A97F96AAF9}"
EndProject
Project("{FAE04EC0-301F-11D3-BF4B-00C04F79EFBC}") = "SCADA.Expressions.Tests", "SCADA.Expressions.Tests\SCADA.Expressions.Tests.csproj", "{A0172D81-8179-4C5B-9E8A-657CC14E6B05}"
EndProject
Project("{FAE04EC0-301F-11D3-BF4B-00C04F79EFBC}") = "SCADA.Expressions.Compiler", "SCADA.Expressions.Compiler\SCADA.Expressions.Compiler.csproj", "{45E178B0-1B20-4CBA-9DC3-7F1D5D1873C1}"
EndProject
Project("{FAE04EC0-301F-11D3-BF4B-00C04F79EFBC}") = "SCADA.Expressions.Compiler.Tests", "SCADA.Expressions.Compiler.Tests\SCADA.Expressions.Compiler.Tests.csproj", "{93C715B8-53CF-40CA-A283-FB025573B8AA}"
EndProject
Global
	GlobalSection(SolutionConfigurationPlatforms) = preSolution
		Debug|Any CPU = Debug|Any CPU
		Debug|x64 = Debug|x64
		Debug|x86 = Debug|x86
		Release|Any CPU = Release|Any CPU
		Release|x64 = Release|x64
		Release|x86 = Release|x86
	EndGlobalSection
	GlobalSection(ProjectConfigurationPlatforms) = postSolution
		{6991C29E-5732-4EFA-8C01-566CF01B0735}.Debug|Any CPU.ActiveCfg = Debug|Any CPU
		{6991C29E-5732-4EFA-8C01-566CF01B0735}.Debug|Any CPU.Build.0 = Debug|Any CPU
		{6991C29E-5732-4EFA-8C01-566CF01B0735}.Debug|x64.ActiveCfg = Debug|Any CPU
		{6991C29E-5732-4EFA-8C01-566CF01B0735}.Debug|x64.Build.0 = Debug|Any CPU
		{6991C29E-5732-4EFA-8C01-566CF01B0735}.Debug|x86.ActiveCfg = Debug|Any CPU
		{6991C29E-5732-4EFA-8C01-566CF01B0735}.Debug|x86.Build.0 = Debug|Any CPU
		{6991C29E-5732-4EFA-8C01-566CF01B0735}.Release|Any CPU.ActiveCfg = Release|Any CPU
		{6991C29E-5732-4EFA-8C01-566CF01B0735}.Release|Any CPU.Build.0 = Release|Any CPU
		{6991C29E-5732-4EFA-8C01-566CF01B0735}.Release|x64.ActiveCfg = Release|Any CPU
		{6991C29E-5732-4EFA-8C01-566CF01B0735}.Release|x64.Build.0 = Release|Any CPU
		{6991C29E-5732-4EFA-8C01-566CF01B0735}.Release|x86.ActiveCfg = Release|Any CPU
		{6991C29E-5732-4EFA-8C01-566CF01B0735}.Release|x86.Build.0 = Release|Any CPU
		{D2C97352-1687-4627-AD34-03A3C6D6C47C}.Debug|Any CPU.ActiveCfg = Debug|Any CPU
		{D2C97352-1687-4627-AD34-03A3C6D6C47C}.Debug|Any CPU.Build.0 = Debug|Any CPU
		{D2C97352-1687-4627-AD34-03A3C6D6C47C}.Debug|x64.ActiveCfg = Debug|Any CPU
		{D2C97352-1687-4627-AD34-03A3C6D6C47C}.Debug|x64.Build.0 = Debug|Any CPU
		{D2C97352-1687-4627-AD34-03A3C6D6C47C}.Debug|x86.ActiveCfg = Debug|Any CPU
		{D2C97352-1687-4627-AD34-03A3C6D6C47C}.Debug|x86.Build.0 = Debug|Any CPU
		{D2C97352-1687-4627-AD34-03A3C6D6C47C}.Release|Any CPU.ActiveCfg = Release|Any CPU
		{D2C97352-1687-4627-AD34-03A3C6D6C47C}.Release|Any CPU.Build.0 = Release|Any CPU
		{D2C97352-1687-4627-AD34-03A3C6D6C47C}.Release|x64.ActiveCfg = Release|Any CPU
		{D2C97352-1687-4627-AD34-03A3C6D6C47C}.Release|x64.Build.0 = Release|Any CPU
		{D2C97352-1687-4627-AD34-03A3C6D6C47C}.Release|x86.ActiveCfg = Release|Any CPU
		{D2C97352-1687-4627-AD34-03A3C6D6C47C}.Release|x86.Build.0 = Release|Any CPU
		{ED6E786C-8CA2-473D-AC4F-EF9661D30A14}.Debug|Any CPU.ActiveCfg = Debug|Any CPU
		{ED6E786C-8CA2-473D-AC4F-EF9661D30A14}.Debug|Any CPU.Build.0 = Debug|Any CPU
		{ED6E786C-8CA2-473D-AC4F-EF9661D30A14}.Debug|x64.ActiveCfg = Debug|Any CPU
		{ED6E786C-8CA2-473D-AC4F-EF9661D30A14}.Debug|x64.Build.0 = Debug|Any CPU
		{ED6E786C-8CA2-473D-AC4F-EF9661D30A14}.Debug|x86.ActiveCfg = Debug|Any CPU
		{ED6E786C-8CA2-473D-AC4F-EF9661D30A14}.Debug|x86.Build.0 = Debug|Any CPU
		{ED6E786C-8CA2-473D-AC4F-EF9661D30A14}.Release|Any CPU.ActiveCfg = Release|Any CPU
		{ED6E786C-8CA2-473D-AC4F-EF9661D30A14}.Release|Any CPU.Build.0 = Release|Any CPU
		{ED6E786C-8CA2-473D-AC4F-EF9661D30A14}.Release|x64.ActiveCfg = Release|Any CPU
		{ED6E786C-8CA2-473D-AC4F-EF9661D30A14}.Release|x64.Build.0 = Release|Any CPU
		{ED6E786C-8CA2-473D-AC4F-EF9661D30A14}.Release|x86.ActiveCfg = Release|Any CPU
		{ED6E786C-8CA2-473D-AC4F-EF9661D30A14}.Release|x86.Build.0 = Release|Any CPU
		{F66DAAC4-302F-496C-BF51-F1A401F8D33F}.Debug|Any CPU.ActiveCfg = Debug|Any CPU
		{F66DAAC4-302F-496C-BF51-F1A401F8D33F}.Debug|Any CPU.Build.0 = Debug|Any CPU
		{F66DAAC4-302F-496C-BF51-F1A401F8D33F}.Debug|x64.ActiveCfg = Debug|Any CPU
		{F66DAAC4-302F-496C-BF51-F1A401F8D33F}.Debug|x64.Build.0 = Debug|Any CPU
		{F66DAAC4-302F-496C-BF51-F1A401F8D33F}.Debug|x86.ActiveCfg = Debug|Any CPU
		{F66DAAC4-302F-496C-BF51-F1A401F8D33F}.Debug|x86.Build.0 = Debug|Any CPU
		{F66DAAC4-302F-496C-BF51-F1A401F8D33F}.Release|Any CPU.ActiveCfg = Release|Any CPU
		{F66DAAC4-302F-496C-BF51-F1A401F8D33F}.Release|Any CPU.Build.0 = Release|Any CPU
		{F66DAAC4-302F-496C-BF51-F1A401F8D33F}.Release|x64.ActiveCfg = Release|Any CPU
		{F66DAAC4-302F-496C-BF51-F1A401F8D33F}.Release|x64.Build.0 = Release|Any CPU
		{F66DAAC4-302F-496C-BF51-F1A401F8D33F}.Release|x86.ActiveCfg = Release|Any CPU
		{F66DAAC4-302F-496C-BF51-F1A401F8D33F}.Release|x86.Build.0 = Release|Any CPU
		{802437F0-2631-477F-AD76-DE7BDDD90607}.Debug|Any CPU.ActiveCfg = Debug|Any CPU
		{802437F0-2631-477F-AD76-DE7BDDD90607}.Debug|Any CPU.Build.0 = Debug|Any CPU
		{802437F0-2631-477F-AD76-DE7BDDD90607}.Debug|x64.ActiveCfg = Debug|Any CPU
		{802437F0-2631-477F-AD76-DE7BDDD90607}.Debug|x64.Build.0 = Debug|Any CPU
		{802437F0-2631-477F-AD76-DE7BDDD90607}.Debug|x86.ActiveCfg = Debug|Any CPU
		{802437F0-2631-477F-AD76-DE7BDDD90607}.Debug|x86.Build.0 = Debug|Any CPU
		{802437F0-2631-477F-AD76-DE7BDDD90607}.Release|Any CPU.ActiveCfg = Release|Any CPU
		{802437F0-2631-477F-AD76-DE7BDDD90607}.Release|Any CPU.Build.0 = Release|Any CPU
		{802437F0-2631-477F-AD76-DE7BDDD90607}.Release|x64.ActiveCfg = Release|Any CPU
		{802437F0-2631-477F-AD76-DE7BDDD90607}.Release|x64.Build.0 = Release|Any CPU
		{802437F0-2631-477F-AD76-DE7BDDD90607}.Release|x86.ActiveCfg = Release|Any CPU
		{802437F0-2631-477F-AD76-DE7BDDD90607}.Release|x86.Build.0 = Release|Any CPU
		{B15E52E4-2853-4671-A8D6-ACC59AEF55B4}.Debug|Any CPU.ActiveCfg = Debug|Any CPU
		{B15E52E4-2853-4671-A8D6-ACC59AEF55B4}.Debug|Any CPU.Build.0 = Debug|Any CPU
		{B15E52E4-2853-4671-A8D6-ACC59AEF55B4}.Debug|x64.ActiveCfg = Debug|Any CPU
		{B15E52E4-2853-4671-A8D6-ACC59AEF55B4}.Debug|x64.Build.0 = Debug|Any CPU
		{B15E52E4-2853-4671-A8D6-ACC59AEF55B4}.Debug|x86.ActiveCfg = Debug|Any CPU
		{B15E52E4-2853-4671-A8D6-ACC59AEF55B4}.Debug|x86.Build.0 = Debug|Any CPU
		{B15E52E4-2853-4671-A8D6-ACC59AEF55B4}.Release|Any CPU.ActiveCfg = Release|Any CPU
		{B15E52E4-2853-4671-A8D6-ACC59AEF55B4}.Release|Any CPU.Build.0 = Release|Any CPU
		{B15E52E4-2853-4671-A8D6-ACC59AEF55B4}.Release|x64.ActiveCfg = Release|Any CPU
		{B15E52E4-2853-4671-A8D6-ACC59AEF55B4}.Release|x64.Build.0 = Release|Any CPU
		{B15E52E4-2853-4671-A8D6-ACC59AEF55B4}.Release|x86.ActiveCfg = Release|Any CPU
		{B15E52E4-2853-4671-A8D6-ACC59AEF55B4}.Release|x86.Build.0 = Release|Any CPU
		{49C25438-8EC4-45A8-BB6A-A6173C5E421A}.Debug|Any CPU.ActiveCfg = Debug|Any CPU
		{49C25438-8EC4-45A8-BB6A-A6173C5E421A}.Debug|Any CPU.Build.0 = Debug|Any CPU
		{49C25438-8EC4-45A8-BB6A-A6173C5E421A}.Debug|x64.ActiveCfg = Debug|Any CPU
		{49C25438-8EC4-45A8-BB6A-A6173C5E421A}.Debug|x64.Build.0 = Debug|Any CPU
		{49C25438-8EC4-45A8-BB6A-A6173C5E421A}.Debug|x86.ActiveCfg = Debug|Any CPU
		{49C25438-8EC4-45A8-BB6A-A6173C5E421A}.Debug|x86.Build.0 = Debug|Any CPU
		{49C25438-8EC4-45A8-BB6A-A6173C5E421A}.Release|Any CPU.ActiveCfg = Release|Any CPU
		{49C25438-8EC4-45A8-BB6A-A6173C5E421A}.Release|Any CPU.Build.0 = Release|Any CPU
		{49C25438-8EC4-45A8-BB6A-A6173C5E421A}.Release|x64.ActiveCfg = Release|Any CPU
		{49C25438-8EC4-45A8-BB6A-A6173C5E421A}.Release|x64.Build.0 = Release|Any CPU
		{49C25438-8EC4-45A8-BB6A-A6173C5E421A}.Release|x86.ActiveCfg = Release|Any CPU
		{49C25438-8EC4-45A8-BB6A-A6173C5E421A}.Release|x86.Build.0 = Release|Any CPU
		{7CA315E3-BFDE-4D4C-AEF6-7327AB908D8B}.Debug|Any CPU.ActiveCfg = Debug|Any CPU
		{7CA315E3-BFDE-4D4C-AEF6-7327AB908D8B}.Debug|Any CPU.Build.0 = Debug|Any CPU
		{7CA315E3-BFDE-4D4C-AEF6-7327AB908D8B}.Debug|x64.ActiveCfg = Debug|Any CPU
		{7CA315E3-BFDE-4D4C-AEF6-7327AB908D8B}.Debug|x64.Build.0 = Debug|Any CPU
		{7CA315E3-BFDE-4D4C-AEF6-7327AB908D8B}.Debug|x86.ActiveCfg = Debug|Any CPU
		{7CA315E3-BFDE-4D4C-AEF6-7327AB908D8B}.Debug|x86.Build.0 = Debug|Any CPU
		{7CA315E3-BFDE-4D4C-AEF6-7327AB908D8B}.Release|Any CPU.ActiveCfg = Release|Any CPU
		{7CA315E3-BFDE-4D4C-AEF6-7327AB908D8B}.Release|Any CPU.Build.0 = Release|Any CPU
		{7CA315E3-BFDE-4D4C-AEF6-7327AB908D8B}.Release|x64.ActiveCfg = Release|Any CPU
		{7CA315E3-BFDE-4D4C-AEF6-7327AB908D8B}.Release|x64.Build.0 = Release|Any CPU
		{7CA315E3-BFDE-4D4C-AEF6-7327AB908D8B}.Release|x86.ActiveCfg = Release|Any CPU
		{7CA315E3-BFDE-4D4C-AEF6-7327AB908D8B}.Release|x86.Build.0 = Release|Any CPU
		{6624BC80-B8CF-4CF1-926F-80A97F96AAF9}.Debug|Any CPU.ActiveCfg = Debug|Any CPU
		{6624BC80-B8CF-4CF1-926F-80A97F96AAF9}.Debug|Any CPU.Build.0 = Debug|Any CPU
		{6624BC80-B8CF-4CF1-926F-80A97F96AAF9}.Debug|x64.ActiveCfg = Debug|Any CPU
		{6624BC80-B8CF-4CF1-926F-80A97F96AAF9}.Debug|x64.Build.0 = Debug|Any CPU
		{6624BC80-B8CF-4CF1-926F-80A97F96AAF9}.Debug|x86.ActiveCfg = Debug|Any CPU
		{6624BC80-B8CF-4CF1-926F-80A97F96AAF9}.Debug|x86.Build.0 = Debug|Any CPU
		{6624BC80-B8CF-4CF1-926F-80A97F96AAF9}.Release|Any CPU.ActiveCfg = Release|Any CPU
		{6624BC80-B8CF-4CF1-926F-80A97F96AAF9}.Release|Any CPU.Build.0 = Release|Any CPU
		{6624BC80-B8CF-4CF1-926F-80A97F96AAF9}.Release|x64.ActiveCfg = Release|Any CPU
		{6624BC80-B8CF-4CF1-926F-80A97F96AAF9}.Release|x64.Build.0 = Release|Any CPU
		{6624BC80-B8CF-4CF1-926F-80A97F96AAF9}.Release|x86.ActiveCfg = Release|Any CPU
		{6624BC80-B8CF-4CF1-926F-80A97F96AAF9}.Release|x86.Build.0 = Release|Any CPU
		{A0172D81-8179-4C5B-9E8A-657CC14E6B05}.Debug|Any CPU.ActiveCfg = Debug|Any CPU
		{A0172D81-8179-4C5B-9E8A-657CC14E6B05}.Debug|Any CPU.Build.0 = Debug|Any CPU
		{A0172D81-8179-4C5B-9E8A-657CC14E6B05}.Debug|x64.ActiveCfg = Debug|Any CPU
		{A0172D81-8179-4C5B-9E8A-657CC14E6B05}.Debug|x64.Build.0 = Debug|Any CPU
		{A0172D81-8179-4C5B-9E8A-657CC14E6B05}.Debug|x86.ActiveCfg = Debug|Any CPU
		{A0172D81-8179-4C5B-9E8A-657CC14E6B05}.Debug|x86.Build.0 = Debug|Any CPU
		{A0172D81-8179-4C5B-9E8A-657CC14E6B05}.Release|Any CPU.ActiveCfg = Release|Any CPU
		{A0172D81-8179-4C5B-9E8A-657CC14E6B05}.Release|Any CPU.Build.0 = Release|Any CPU
		{A0172D81-8179-4C5B-9E8A-657CC14E6B05}.Release|x64.ActiveCfg = Release|Any CPU
		{A0172D81-8179-4C5B-9E8A-657CC14E6B05}.Release|x64.Build.0 = Release|Any CPU
		{A0172D81-8179-4C5B-9E8A-657CC14E6B05}.Release|x86.ActiveCfg = Release|Any CPU
		{A0172D81-8179-4C5B-9E8A-657CC14E6B05}.Release|x86.Build.0 = Release|Any CPU
		{45E178B0-1B20-4CBA-9DC3-7F1D5D1873C1}.Debug|Any CPU.ActiveCfg = Debug|Any CPU
		{45E178B0-1B20-4CBA-9DC3-7F1D5D1873C1}.Debug|Any CPU.Build.0 = Debug|Any CPU
		{45E178B0-1B20-4CBA-9DC3-7F1D5D1873C1}.Debug|x64.ActiveCfg = Debug|Any CPU
		{45E178B0-1B20-4CBA-9DC3-7F1D5D1873C1}.Debug|x64.Build.0 = Debug|Any CPU
		{45E178B0-1B20-4CBA-9DC3-7F1D5D1873C1}.Debug|x86.ActiveCfg = Debug|Any CPU
		{45E178B0-1B20-4CBA-9DC3-7F1D5D1873C1}.Debug|x86.Build.0 = Debug|Any CPU
		{45E178B0-1B20-4CBA-9DC3-7F1D5D1873C1}.Release|Any CPU.ActiveCfg = Release|Any CPU
		{45E178B0-1B20-4CBA-9DC3-7F1D5D1873C1}.Release|Any CPU.Build.0 = Release|Any CPU
		{45E178B0-1B20-4CBA-9DC3-7F1D5D1873C1}.Release|x64.ActiveCfg = Release|Any CPU
		{45E178B0-1B20-4CBA-9DC3-7F1D5D1873C1}.Release|x64.Build.0 = Release|Any CPU
		{45E178B0-1B20-4CBA-9DC3-7F1D5D1873C1}.Release|x86.ActiveCfg = Release|Any CPU
		{45E178B0-1B20-4CBA-9DC3-7F1D5D1873C1}.Release|x86.Build.0 = Release|Any CPU
		{93C715B8-53CF-40CA-A283-FB025573B8AA}.Debug|Any CPU.ActiveCfg = Debug|Any CPU
		{93C715B8-53CF-40CA-A283-FB025573B8AA}.Debug|Any CPU.Build.0 = Debug|Any CPU
		{93C715B8-53CF-40CA-A283-FB025573B8AA}.Debug|x64.ActiveCfg = Debug|Any CPU
		{93C715B8-53CF-40CA-A283-FB025573B8AA}.Debug|x64.Build.0 = Debug|Any CPU
		{93C715B8-53CF-40CA-A283-FB025573B8AA}.Debug|x86.ActiveCfg = Debug|Any CPU
		{93C715B8-53CF-40CA-A283-FB025573B8AA}.Debug|x86.Build.0 = Debug|Any CPU
		{93C715B8-53CF-40CA-A283-FB025573B8AA}.Release|Any CPU.ActiveCfg = Release|Any CPU
		{93C715B8-53CF-40CA-A283-FB025573B8AA}.Release|Any CPU.Build.0 = Release|Any CPU
		{93C715B8-53CF-40CA-A283-FB025573B8AA}.Release|x64.ActiveCfg = Release|Any CPU
		{93C715B8-53CF-40CA-A283-FB025573B8AA}.Release|x64.Build.0 = Release|Any CPU
		{93C715B8-53CF-40CA-A283-FB025573B8AA}.Release|x86.ActiveCfg = Release|Any CPU
		{93C715B8-53CF-40CA-A283-FB025573B8AA}.Release|x86.Build.0 = Release|Any CPU
	EndGlobalSection
	GlobalSection(SolutionProperties) = preSolution
		HideSolutionNode = FALSE
	EndGlobalSection
EndGlobal
